
Microsoft Visual Studio Solution File, Format Version 10.00
# Visual Studio 2008
Project("{8BC9CEB8-8B4A-11D0-8D11-00A0C91BC942}") = "GPURayTracer", "GPURayTracer.vcproj", "{3C0D539E-9AF6-460B-8F56-A589DFEBA715}"
EndProject
Global
	GlobalSection(SolutionConfigurationPlatforms) = preSolution
		Debug|Win32 = Debug|Win32
		Release|Win32 = Release|Win32
	EndGlobalSection
	GlobalSection(ProjectConfigurationPlatforms) = postSolution
		{3C0D539E-9AF6-460B-8F56-A589DFEBA715}.Debug|Win32.ActiveCfg = Debug|Win32
		{3C0D539E-9AF6-460B-8F56-A589DFEBA715}.Debug|Win32.Build.0 = Debug|Win32
		{3C0D539E-9AF6-460B-8F56-A589DFEBA715}.Release|Win32.ActiveCfg = Release|Win32
		{3C0D539E-9AF6-460B-8F56-A589DFEBA715}.Release|Win32.Build.0 = Release|Win32
	EndGlobalSection
	GlobalSection(SolutionProperties) = preSolution
		HideSolutionNode = FALSE
	EndGlobalSection
EndGlobal
